
Microsoft Visual Studio Solution File, Format Version 12.00
# Visual Studio Version 17
VisualStudioVersion = 17.3.32901.215
MinimumVisualStudioVersion = 10.0.40219.1
Project("{FAE04EC0-301F-11D3-BF4B-00C04F79EFBC}") = "la-mia-pizzeria-post", "la-mia-pizzeria-post\la-mia-pizzeria-post.csproj", "{A2EC6BEC-3373-4D00-ADDC-EA78CE981796}"
EndProject
Global
	GlobalSection(SolutionConfigurationPlatforms) = preSolution
		Debug|Any CPU = Debug|Any CPU
		Release|Any CPU = Release|Any CPU
	EndGlobalSection
	GlobalSection(ProjectConfigurationPlatforms) = postSolution
		{A2EC6BEC-3373-4D00-ADDC-EA78CE981796}.Debug|Any CPU.ActiveCfg = Debug|Any CPU
		{A2EC6BEC-3373-4D00-ADDC-EA78CE981796}.Debug|Any CPU.Build.0 = Debug|Any CPU
		{A2EC6BEC-3373-4D00-ADDC-EA78CE981796}.Release|Any CPU.ActiveCfg = Release|Any CPU
		{A2EC6BEC-3373-4D00-ADDC-EA78CE981796}.Release|Any CPU.Build.0 = Release|Any CPU
	EndGlobalSection
	GlobalSection(SolutionProperties) = preSolution
		HideSolutionNode = FALSE
	EndGlobalSection
	GlobalSection(ExtensibilityGlobals) = postSolution
		SolutionGuid = {7893427E-492C-448E-8C6B-2E8115E3D4E1}
	EndGlobalSection
EndGlobal
